
Microsoft Visual Studio Solution File, Format Version 12.00
# Visual Studio Version 17
VisualStudioVersion = 17.8.34322.80
MinimumVisualStudioVersion = 10.0.40219.1
Project("{9A19103F-16F7-4668-BE54-9A1E7A4F7556}") = "NewTalents", "NewTalents\NewTalents.csproj", "{9E74E418-1408-405D-9EA9-0BFAB6D0E9FA}"
EndProject
Project("{9A19103F-16F7-4668-BE54-9A1E7A4F7556}") = "TesteNewTalents", "TesteNewTalents\TesteNewTalents.csproj", "{86E5FB70-39E7-4508-904D-56196055095B}"
EndProject
Global
	GlobalSection(SolutionConfigurationPlatforms) = preSolution
		Debug|Any CPU = Debug|Any CPU
		Release|Any CPU = Release|Any CPU
	EndGlobalSection
	GlobalSection(ProjectConfigurationPlatforms) = postSolution
		{9E74E418-1408-405D-9EA9-0BFAB6D0E9FA}.Debug|Any CPU.ActiveCfg = Debug|Any CPU
		{9E74E418-1408-405D-9EA9-0BFAB6D0E9FA}.Debug|Any CPU.Build.0 = Debug|Any CPU
		{9E74E418-1408-405D-9EA9-0BFAB6D0E9FA}.Release|Any CPU.ActiveCfg = Release|Any CPU
		{9E74E418-1408-405D-9EA9-0BFAB6D0E9FA}.Release|Any CPU.Build.0 = Release|Any CPU
		{86E5FB70-39E7-4508-904D-56196055095B}.Debug|Any CPU.ActiveCfg = Debug|Any CPU
		{86E5FB70-39E7-4508-904D-56196055095B}.Debug|Any CPU.Build.0 = Debug|Any CPU
		{86E5FB70-39E7-4508-904D-56196055095B}.Release|Any CPU.ActiveCfg = Release|Any CPU
		{86E5FB70-39E7-4508-904D-56196055095B}.Release|Any CPU.Build.0 = Release|Any CPU
	EndGlobalSection
	GlobalSection(SolutionProperties) = preSolution
		HideSolutionNode = FALSE
	EndGlobalSection
	GlobalSection(ExtensibilityGlobals) = postSolution
		SolutionGuid = {D6492370-203F-4B87-BE35-BF8533F39653}
	EndGlobalSection
EndGlobal
